// !$*UTF8*$!
{
	archiveVersion = 1;
	classes = {
	};
	objectVersion = 50;
	objects = {

/* Begin PBXBuildFile section */
		1F761D4F26C46217000217C9 /* AppDelegate.swift in Sources */ = {isa = PBXBuildFile; fileRef = 1F761D4E26C46217000217C9 /* AppDelegate.swift */; };
		1F761D5126C46217000217C9 /* SceneDelegate.swift in Sources */ = {isa = PBXBuildFile; fileRef = 1F761D5026C46217000217C9 /* SceneDelegate.swift */; };
		1F761D5326C46217000217C9 /* ListVC.swift in Sources */ = {isa = PBXBuildFile; fileRef = 1F761D5226C46217000217C9 /* ListVC.swift */; };
		1F761D5626C46217000217C9 /* Main.storyboard in Resources */ = {isa = PBXBuildFile; fileRef = 1F761D5426C46217000217C9 /* Main.storyboard */; };
		1F761D5826C46217000217C9 /* Assets.xcassets in Resources */ = {isa = PBXBuildFile; fileRef = 1F761D5726C46217000217C9 /* Assets.xcassets */; };
		1F761D5B26C46217000217C9 /* LaunchScreen.storyboard in Resources */ = {isa = PBXBuildFile; fileRef = 1F761D5926C46217000217C9 /* LaunchScreen.storyboard */; };
		1F761D6326C466DA000217C9 /* SelectedLIstVC.swift in Sources */ = {isa = PBXBuildFile; fileRef = 1F761D6226C466DA000217C9 /* SelectedLIstVC.swift */; };
		1F761D6526C4672A000217C9 /* PDFViewController.swift in Sources */ = {isa = PBXBuildFile; fileRef = 1F761D6426C4672A000217C9 /* PDFViewController.swift */; };
		1F761D6926C46846000217C9 /* ManagerUSRD.swift in Sources */ = {isa = PBXBuildFile; fileRef = 1F761D6826C46846000217C9 /* ManagerUSRD.swift */; };
		1F761D6B26C46883000217C9 /* DataUSRD.swift in Sources */ = {isa = PBXBuildFile; fileRef = 1F761D6A26C46883000217C9 /* DataUSRD.swift */; };
		1F761D6F26C468B7000217C9 /* ModelUSRD.swift in Sources */ = {isa = PBXBuildFile; fileRef = 1F761D6E26C468B7000217C9 /* ModelUSRD.swift */; };
		1F761D7326C46DC4000217C9 /* TableViewCell.swift in Sources */ = {isa = PBXBuildFile; fileRef = 1F761D7126C46DC4000217C9 /* TableViewCell.swift */; };
		1F761D7426C46DC4000217C9 /* TableViewCell.xib in Resources */ = {isa = PBXBuildFile; fileRef = 1F761D7226C46DC4000217C9 /* TableViewCell.xib */; };
/* End PBXBuildFile section */

/* Begin PBXFileReference section */
		1F761D4B26C46217000217C9 /* usrd.app */ = {isa = PBXFileReference; explicitFileType = wrapper.application; includeInIndex = 0; path = usrd.app; sourceTree = BUILT_PRODUCTS_DIR; };
		1F761D4E26C46217000217C9 /* AppDelegate.swift */ = {isa = PBXFileReference; lastKnownFileType = sourcecode.swift; path = AppDelegate.swift; sourceTree = "<group>"; };
		1F761D5026C46217000217C9 /* SceneDelegate.swift */ = {isa = PBXFileReference; lastKnownFileType = sourcecode.swift; path = SceneDelegate.swift; sourceTree = "<group>"; };
		1F761D5226C46217000217C9 /* ListVC.swift */ = {isa = PBXFileReference; lastKnownFileType = sourcecode.swift; path = ListVC.swift; sourceTree = "<group>"; };
		1F761D5526C46217000217C9 /* Base */ = {isa = PBXFileReference; lastKnownFileType = file.storyboard; name = Base; path = Base.lproj/Main.storyboard; sourceTree = "<group>"; };
		1F761D5726C46217000217C9 /* Assets.xcassets */ = {isa = PBXFileReference; lastKnownFileType = folder.assetcatalog; path = Assets.xcassets; sourceTree = "<group>"; };
		1F761D5A26C46217000217C9 /* Base */ = {isa = PBXFileReference; lastKnownFileType = file.storyboard; name = Base; path = Base.lproj/LaunchScreen.storyboard; sourceTree = "<group>"; };
		1F761D5C26C46217000217C9 /* Info.plist */ = {isa = PBXFileReference; lastKnownFileType = text.plist.xml; path = Info.plist; sourceTree = "<group>"; };
		1F761D6226C466DA000217C9 /* SelectedLIstVC.swift */ = {isa = PBXFileReference; lastKnownFileType = sourcecode.swift; path = SelectedLIstVC.swift; sourceTree = "<group>"; };
		1F761D6426C4672A000217C9 /* PDFViewController.swift */ = {isa = PBXFileReference; lastKnownFileType = sourcecode.swift; path = PDFViewController.swift; sourceTree = "<group>"; };
		1F761D6826C46846000217C9 /* ManagerUSRD.swift */ = {isa = PBXFileReference; lastKnownFileType = sourcecode.swift; path = ManagerUSRD.swift; sourceTree = "<group>"; };
		1F761D6A26C46883000217C9 /* DataUSRD.swift */ = {isa = PBXFileReference; lastKnownFileType = sourcecode.swift; path = DataUSRD.swift; sourceTree = "<group>"; };
		1F761D6E26C468B7000217C9 /* ModelUSRD.swift */ = {isa = PBXFileReference; lastKnownFileType = sourcecode.swift; path = ModelUSRD.swift; sourceTree = "<group>"; };
		1F761D7126C46DC4000217C9 /* TableViewCell.swift */ = {isa = PBXFileReference; lastKnownFileType = sourcecode.swift; path = TableViewCell.swift; sourceTree = "<group>"; };
		1F761D7226C46DC4000217C9 /* TableViewCell.xib */ = {isa = PBXFileReference; lastKnownFileType = file.xib; path = TableViewCell.xib; sourceTree = "<group>"; };
/* End PBXFileReference section */

/* Begin PBXFrameworksBuildPhase section */
		1F761D4826C46217000217C9 /* Frameworks */ = {
			isa = PBXFrameworksBuildPhase;
			buildActionMask = 2147483647;
			files = (
			);
			runOnlyForDeploymentPostprocessing = 0;
		};
/* End PBXFrameworksBuildPhase section */

/* Begin PBXGroup section */
		1F761D4226C46217000217C9 = {
			isa = PBXGroup;
			children = (
				1F761D4D26C46217000217C9 /* usrd */,
				1F761D4C26C46217000217C9 /* Products */,
			);
			sourceTree = "<group>";
		};
		1F761D4C26C46217000217C9 /* Products */ = {
			isa = PBXGroup;
			children = (
				1F761D4B26C46217000217C9 /* usrd.app */,
			);
			name = Products;
			sourceTree = "<group>";
		};
		1F761D4D26C46217000217C9 /* usrd */ = {
			isa = PBXGroup;
			children = (
				1F761D4E26C46217000217C9 /* AppDelegate.swift */,
				1F761D5026C46217000217C9 /* SceneDelegate.swift */,
				1F761D7026C468D8000217C9 /* Model */,
				1F761D6626C46782000217C9 /* View */,
				1F761D6726C467B7000217C9 /* Controller */,
				1F761D5726C46217000217C9 /* Assets.xcassets */,
				1F761D5C26C46217000217C9 /* Info.plist */,
				1F761D7126C46DC4000217C9 /* TableViewCell.swift */,
				1F761D7226C46DC4000217C9 /* TableViewCell.xib */,
			);
			path = usrd;
			sourceTree = "<group>";
		};
		1F761D6626C46782000217C9 /* View */ = {
			isa = PBXGroup;
			children = (
				1F761D5426C46217000217C9 /* Main.storyboard */,
				1F761D5926C46217000217C9 /* LaunchScreen.storyboard */,
			);
			path = View;
			sourceTree = "<group>";
		};
		1F761D6726C467B7000217C9 /* Controller */ = {
			isa = PBXGroup;
			children = (
				1F761D5226C46217000217C9 /* ListVC.swift */,
				1F761D6226C466DA000217C9 /* SelectedLIstVC.swift */,
				1F761D6426C4672A000217C9 /* PDFViewController.swift */,
			);
			path = Controller;
			sourceTree = "<group>";
		};
		1F761D7026C468D8000217C9 /* Model */ = {
			isa = PBXGroup;
			children = (
				1F761D6826C46846000217C9 /* ManagerUSRD.swift */,
				1F761D6A26C46883000217C9 /* DataUSRD.swift */,
				1F761D6E26C468B7000217C9 /* ModelUSRD.swift */,
			);
			path = Model;
			sourceTree = "<group>";
		};
/* End PBXGroup section */

/* Begin PBXNativeTarget section */
		1F761D4A26C46217000217C9 /* usrd */ = {
			isa = PBXNativeTarget;
			buildConfigurationList = 1F761D5F26C46217000217C9 /* Build configuration list for PBXNativeTarget "usrd" */;
			buildPhases = (
				1F761D4726C46217000217C9 /* Sources */,
				1F761D4826C46217000217C9 /* Frameworks */,
				1F761D4926C46217000217C9 /* Resources */,
			);
			buildRules = (
			);
			dependencies = (
			);
			name = usrd;
			productName = usrd;
			productReference = 1F761D4B26C46217000217C9 /* usrd.app */;
			productType = "com.apple.product-type.application";
		};
/* End PBXNativeTarget section */

/* Begin PBXProject section */
		1F761D4326C46217000217C9 /* Project object */ = {
			isa = PBXProject;
			attributes = {
				LastSwiftUpdateCheck = 1250;
				LastUpgradeCheck = 1250;
				TargetAttributes = {
					1F761D4A26C46217000217C9 = {
						CreatedOnToolsVersion = 12.5.1;
					};
				};
			};
			buildConfigurationList = 1F761D4626C46217000217C9 /* Build configuration list for PBXProject "usrd" */;
			compatibilityVersion = "Xcode 9.3";
			developmentRegion = en;
			hasScannedForEncodings = 0;
			knownRegions = (
				en,
				Base,
			);
			mainGroup = 1F761D4226C46217000217C9;
			productRefGroup = 1F761D4C26C46217000217C9 /* Products */;
			projectDirPath = "";
			projectRoot = "";
			targets = (
				1F761D4A26C46217000217C9 /* usrd */,
			);
		};
/* End PBXProject section */

/* Begin PBXResourcesBuildPhase section */
		1F761D4926C46217000217C9 /* Resources */ = {
			isa = PBXResourcesBuildPhase;
			buildActionMask = 2147483647;
			files = (
				1F761D5B26C46217000217C9 /* LaunchScreen.storyboard in Resources */,
				1F761D7426C46DC4000217C9 /* TableViewCell.xib in Resources */,
				1F761D5826C46217000217C9 /* Assets.xcassets in Resources */,
				1F761D5626C46217000217C9 /* Main.storyboard in Resources */,
			);
			runOnlyForDeploymentPostprocessing = 0;
		};
/* End PBXResourcesBuildPhase section */

/* Begin PBXSourcesBuildPhase section */
		1F761D4726C46217000217C9 /* Sources */ = {
			isa = PBXSourcesBuildPhase;
			buildActionMask = 2147483647;
			files = (
				1F761D6526C4672A000217C9 /* PDFViewController.swift in Sources */,
				1F761D6F26C468B7000217C9 /* ModelUSRD.swift in Sources */,
				1F761D6B26C46883000217C9 /* DataUSRD.swift in Sources */,
				1F761D7326C46DC4000217C9 /* TableViewCell.swift in Sources */,
				1F761D5326C46217000217C9 /* ListVC.swift in Sources */,
				1F761D6326C466DA000217C9 /* SelectedLIstVC.swift in Sources */,
				1F761D4F26C46217000217C9 /* AppDelegate.swift in Sources */,
				1F761D5126C46217000217C9 /* SceneDelegate.swift in Sources */,
				1F761D6926C46846000217C9 /* ManagerUSRD.swift in Sources */,
			);
			runOnlyForDeploymentPostprocessing = 0;
		};
/* End PBXSourcesBuildPhase section */

/* Begin PBXVariantGroup section */
		1F761D5426C46217000217C9 /* Main.storyboard */ = {
			isa = PBXVariantGroup;
			children = (
				1F761D5526C46217000217C9 /* Base */,
			);
			name = Main.storyboard;
			sourceTree = "<group>";
		};
		1F761D5926C46217000217C9 /* LaunchScreen.storyboard */ = {
			isa = PBXVariantGroup;
			children = (
				1F761D5A26C46217000217C9 /* Base */,
			);
			name = LaunchScreen.storyboard;
			sourceTree = "<group>";
		};
/* End PBXVariantGroup section */

/* Begin XCBuildConfiguration section */
		1F761D5D26C46217000217C9 /* Debug */ = {
			isa = XCBuildConfiguration;
			buildSettings = {
				ALWAYS_SEARCH_USER_PATHS = NO;
				CLANG_ANALYZER_NONNULL = YES;
				CLANG_ANALYZER_NUMBER_OBJECT_CONVERSION = YES_AGGRESSIVE;
				CLANG_CXX_LANGUAGE_STANDARD = "gnu++14";
				CLANG_CXX_LIBRARY = "libc++";
				CLANG_ENABLE_MODULES = YES;
				CLANG_ENABLE_OBJC_ARC = YES;
				CLANG_ENABLE_OBJC_WEAK = YES;
				CLANG_WARN_BLOCK_CAPTURE_AUTORELEASING = YES;
				CLANG_WARN_BOOL_CONVERSION = YES;
				CLANG_WARN_COMMA = YES;
				CLANG_WARN_CONSTANT_CONVERSION = YES;
				CLANG_WARN_DEPRECATED_OBJC_IMPLEMENTATIONS = YES;
				CLANG_WARN_DIRECT_OBJC_ISA_USAGE = YES_ERROR;
				CLANG_WARN_DOCUMENTATION_COMMENTS = YES;
				CLANG_WARN_EMPTY_BODY = YES;
				CLANG_WARN_ENUM_CONVERSION = YES;
				CLANG_WARN_INFINITE_RECURSION = YES;
				CLANG_WARN_INT_CONVERSION = YES;
				CLANG_WARN_NON_LITERAL_NULL_CONVERSION = YES;
				CLANG_WARN_OBJC_IMPLICIT_RETAIN_SELF = YES;
				CLANG_WARN_OBJC_LITERAL_CONVERSION = YES;
				CLANG_WARN_OBJC_ROOT_CLASS = YES_ERROR;
				CLANG_WARN_QUOTED_INCLUDE_IN_FRAMEWORK_HEADER = YES;
				CLANG_WARN_RANGE_LOOP_ANALYSIS = YES;
				CLANG_WARN_STRICT_PROTOTYPES = YES;
				CLANG_WARN_SUSPICIOUS_MOVE = YES;
				CLANG_WARN_UNGUARDED_AVAILABILITY = YES_AGGRESSIVE;
				CLANG_WARN_UNREACHABLE_CODE = YES;
				CLANG_WARN__DUPLICATE_METHOD_MATCH = YES;
				COPY_PHASE_STRIP = NO;
				DEBUG_INFORMATION_FORMAT = dwarf;
				ENABLE_STRICT_OBJC_MSGSEND = YES;
				ENABLE_TESTABILITY = YES;
				GCC_C_LANGUAGE_STANDARD = gnu11;
				GCC_DYNAMIC_NO_PIC = NO;
				GCC_NO_COMMON_BLOCKS = YES;
				GCC_OPTIMIZATION_LEVEL = 0;
				GCC_PREPROCESSOR_DEFINITIONS = (
					"DEBUG=1",
					"$(inherited)",
				);
				GCC_WARN_64_TO_32_BIT_CONVERSION = YES;
				GCC_WARN_ABOUT_RETURN_TYPE = YES_ERROR;
				GCC_WARN_UNDECLARED_SELECTOR = YES;
				GCC_WARN_UNINITIALIZED_AUTOS = YES_AGGRESSIVE;
				GCC_WARN_UNUSED_FUNCTION = YES;
				GCC_WARN_UNUSED_VARIABLE = YES;
				IPHONEOS_DEPLOYMENT_TARGET = 14.5;
				MTL_ENABLE_DEBUG_INFO = INCLUDE_SOURCE;
				MTL_FAST_MATH = YES;
				ONLY_ACTIVE_ARCH = YES;
				SDKROOT = iphoneos;
				SWIFT_ACTIVE_COMPILATION_CONDITIONS = DEBUG;
				SWIFT_OPTIMIZATION_LEVEL = "-Onone";
			};
			name = Debug;
		};
		1F761D5E26C46217000217C9 /* Release */ = {
			isa = XCBuildConfiguration;
			buildSettings = {
				ALWAYS_SEARCH_USER_PATHS = NO;
				CLANG_ANALYZER_NONNULL = YES;
				CLANG_ANALYZER_NUMBER_OBJECT_CONVERSION = YES_AGGRESSIVE;
				CLANG_CXX_LANGUAGE_STANDARD = "gnu++14";
				CLANG_CXX_LIBRARY = "libc++";
				CLANG_ENABLE_MODULES = YES;
				CLANG_ENABLE_OBJC_ARC = YES;
				CLANG_ENABLE_OBJC_WEAK = YES;
				CLANG_WARN_BLOCK_CAPTURE_AUTORELEASING = YES;
				CLANG_WARN_BOOL_CONVERSION = YES;
				CLANG_WARN_COMMA = YES;
				CLANG_WARN_CONSTANT_CONVERSION = YES;
				CLANG_WARN_DEPRECATED_OBJC_IMPLEMENTATIONS = YES;
				CLANG_WARN_DIRECT_OBJC_ISA_USAGE = YES_ERROR;
				CLANG_WARN_DOCUMENTATION_COMMENTS = YES;
				CLANG_WARN_EMPTY_BODY = YES;
				CLANG_WARN_ENUM_CONVERSION = YES;
				CLANG_WARN_INFINITE_RECURSION = YES;
				CLANG_WARN_INT_CONVERSION = YES;
				CLANG_WARN_NON_LITERAL_NULL_CONVERSION = YES;
				CLANG_WARN_OBJC_IMPLICIT_RETAIN_SELF = YES;
				CLANG_WARN_OBJC_LITERAL_CONVERSION = YES;
				CLANG_WARN_OBJC_ROOT_CLASS = YES_ERROR;
				CLANG_WARN_QUOTED_INCLUDE_IN_FRAMEWORK_HEADER = YES;
				CLANG_WARN_RANGE_LOOP_ANALYSIS = YES;
				CLANG_WARN_STRICT_PROTOTYPES = YES;
				CLANG_WARN_SUSPICIOUS_MOVE = YES;
				CLANG_WARN_UNGUARDED_AVAILABILITY = YES_AGGRESSIVE;
				CLANG_WARN_UNREACHABLE_CODE = YES;
				CLANG_WARN__DUPLICATE_METHOD_MATCH = YES;
				COPY_PHASE_STRIP = NO;
				DEBUG_INFORMATION_FORMAT = "dwarf-with-dsym";
				ENABLE_NS_ASSERTIONS = NO;
				ENABLE_STRICT_OBJC_MSGSEND = YES;
				GCC_C_LANGUAGE_STANDARD = gnu11;
				GCC_NO_COMMON_BLOCKS = YES;
				GCC_WARN_64_TO_32_BIT_CONVERSION = YES;
				GCC_WARN_ABOUT_RETURN_TYPE = YES_ERROR;
				GCC_WARN_UNDECLARED_SELECTOR = YES;
				GCC_WARN_UNINITIALIZED_AUTOS = YES_AGGRESSIVE;
				GCC_WARN_UNUSED_FUNCTION = YES;
				GCC_WARN_UNUSED_VARIABLE = YES;
				IPHONEOS_DEPLOYMENT_TARGET = 14.5;
				MTL_ENABLE_DEBUG_INFO = NO;
				MTL_FAST_MATH = YES;
				SDKROOT = iphoneos;
				SWIFT_COMPILATION_MODE = wholemodule;
				SWIFT_OPTIMIZATION_LEVEL = "-O";
				VALIDATE_PRODUCT = YES;
			};
			name = Release;
		};
		1F761D6026C46217000217C9 /* Debug */ = {
			isa = XCBuildConfiguration;
			buildSettings = {
				ASSETCATALOG_COMPILER_APPICON_NAME = AppIcon;
				ASSETCATALOG_COMPILER_GLOBAL_ACCENT_COLOR_NAME = AccentColor;
				CODE_SIGN_STYLE = Automatic;
				DEVELOPMENT_TEAM = 2D98858FQA;
				INFOPLIST_FILE = usrd/Info.plist;
				LD_RUNPATH_SEARCH_PATHS = (
					"$(inherited)",
					"@executable_path/Frameworks",
				);
				PRODUCT_BUNDLE_IDENTIFIER = ua.OleksandrKhalypa.usrd;
				PRODUCT_NAME = "$(TARGET_NAME)";
				SWIFT_VERSION = 5.0;
				TARGETED_DEVICE_FAMILY = "1,2";
			};
			name = Debug;
		};
		1F761D6126C46217000217C9 /* Release */ = {
			isa = XCBuildConfiguration;
			buildSettings = {
				ASSETCATALOG_COMPILER_APPICON_NAME = AppIcon;
				ASSETCATALOG_COMPILER_GLOBAL_ACCENT_COLOR_NAME = AccentColor;
				CODE_SIGN_STYLE = Automatic;
				DEVELOPMENT_TEAM = 2D98858FQA;
				INFOPLIST_FILE = usrd/Info.plist;
				LD_RUNPATH_SEARCH_PATHS = (
					"$(inherited)",
					"@executable_path/Frameworks",
				);
				PRODUCT_BUNDLE_IDENTIFIER = ua.OleksandrKhalypa.usrd;
				PRODUCT_NAME = "$(TARGET_NAME)";
				SWIFT_VERSION = 5.0;
				TARGETED_DEVICE_FAMILY = "1,2";
			};
			name = Release;
		};
/* End XCBuildConfiguration section */

/* Begin XCConfigurationList section */
		1F761D4626C46217000217C9 /* Build configuration list for PBXProject "usrd" */ = {
			isa = XCConfigurationList;
			buildConfigurations = (
				1F761D5D26C46217000217C9 /* Debug */,
				1F761D5E26C46217000217C9 /* Release */,
			);
			defaultConfigurationIsVisible = 0;
			defaultConfigurationName = Release;
		};
		1F761D5F26C46217000217C9 /* Build configuration list for PBXNativeTarget "usrd" */ = {
			isa = XCConfigurationList;
			buildConfigurations = (
				1F761D6026C46217000217C9 /* Debug */,
				1F761D6126C46217000217C9 /* Release */,
			);
			defaultConfigurationIsVisible = 0;
			defaultConfigurationName = Release;
		};
/* End XCConfigurationList section */
	};
	rootObject = 1F761D4326C46217000217C9 /* Project object */;
}
